
Microsoft Visual Studio Solution File, Format Version 12.00
# Visual Studio Version 17
VisualStudioVersion = 17.2.32630.192
MinimumVisualStudioVersion = 10.0.40219.1
Project("{FAE04EC0-301F-11D3-BF4B-00C04F79EFBC}") = "Navigation Menu App", "Navigation Menu App\Navigation Menu App.csproj", "{C2065492-FF67-482C-B39E-45759BA6748D}"
EndProject
Global
	GlobalSection(SolutionConfigurationPlatforms) = preSolution
		Debug|Any CPU = Debug|Any CPU
		Release|Any CPU = Release|Any CPU
	EndGlobalSection
	GlobalSection(ProjectConfigurationPlatforms) = postSolution
		{C2065492-FF67-482C-B39E-45759BA6748D}.Debug|Any CPU.ActiveCfg = Debug|Any CPU
		{C2065492-FF67-482C-B39E-45759BA6748D}.Debug|Any CPU.Build.0 = Debug|Any CPU
		{C2065492-FF67-482C-B39E-45759BA6748D}.Release|Any CPU.ActiveCfg = Release|Any CPU
		{C2065492-FF67-482C-B39E-45759BA6748D}.Release|Any CPU.Build.0 = Release|Any CPU
	EndGlobalSection
	GlobalSection(SolutionProperties) = preSolution
		HideSolutionNode = FALSE
	EndGlobalSection
	GlobalSection(ExtensibilityGlobals) = postSolution
		SolutionGuid = {8761A5F0-AC23-4121-A508-F0B5486E1DFD}
	EndGlobalSection
EndGlobal
